// !$*UTF8*$!
{
	archiveVersion = 1;
	classes = {
	};
	objectVersion = 46;
	objects = {

/* Begin PBXBuildFile section */
		B572DC0119AF34CD00BF5E49 /* AVOPromise.h in Headers */ = {isa = PBXBuildFile; fileRef = B572DC0019AF34CD00BF5E49 /* AVOPromise.h */; settings = {ATTRIBUTES = (Public, ); }; };
		B572DC1519AF35AB00BF5E49 /* PromiseSpec.swift in Sources */ = {isa = PBXBuildFile; fileRef = B572DC1419AF35AB00BF5E49 /* PromiseSpec.swift */; };
		B572DC3519AF35D600BF5E49 /* Quick.framework in Frameworks */ = {isa = PBXBuildFile; fileRef = B572DC2E19AF35C300BF5E49 /* Quick.framework */; };
		B572DC3619AF35DA00BF5E49 /* Nimble.framework in Frameworks */ = {isa = PBXBuildFile; fileRef = B572DC1E19AF35B400BF5E49 /* Nimble.framework */; };
		B572DC3C19AF361900BF5E49 /* Promise.swift in Sources */ = {isa = PBXBuildFile; fileRef = B572DC3B19AF361900BF5E49 /* Promise.swift */; };
		B572DC3D19AF36A700BF5E49 /* Promise.swift in Sources */ = {isa = PBXBuildFile; fileRef = B572DC3B19AF361900BF5E49 /* Promise.swift */; };
/* End PBXBuildFile section */

/* Begin PBXContainerItemProxy section */
		B572DC1D19AF35B400BF5E49 /* PBXContainerItemProxy */ = {
			isa = PBXContainerItemProxy;
			containerPortal = B572DC1619AF35B400BF5E49 /* Nimble.xcodeproj */;
			proxyType = 2;
			remoteGlobalIDString = 1F1A74291940169200FFFC47;
			remoteInfo = "Nimble-iOS";
		};
		B572DC1F19AF35B400BF5E49 /* PBXContainerItemProxy */ = {
			isa = PBXContainerItemProxy;
			containerPortal = B572DC1619AF35B400BF5E49 /* Nimble.xcodeproj */;
			proxyType = 2;
			remoteGlobalIDString = 1F1A74341940169200FFFC47;
			remoteInfo = "Nimble-iOSTests";
		};
		B572DC2119AF35B400BF5E49 /* PBXContainerItemProxy */ = {
			isa = PBXContainerItemProxy;
			containerPortal = B572DC1619AF35B400BF5E49 /* Nimble.xcodeproj */;
			proxyType = 2;
			remoteGlobalIDString = 1F925EAD195C0D6300ED456B;
			remoteInfo = "Nimble-OSX";
		};
		B572DC2319AF35B400BF5E49 /* PBXContainerItemProxy */ = {
			isa = PBXContainerItemProxy;
			containerPortal = B572DC1619AF35B400BF5E49 /* Nimble.xcodeproj */;
			proxyType = 2;
			remoteGlobalIDString = 1F925EB7195C0D6300ED456B;
			remoteInfo = "Nimble-OSXTests";
		};
		B572DC2D19AF35C300BF5E49 /* PBXContainerItemProxy */ = {
			isa = PBXContainerItemProxy;
			containerPortal = B572DC2519AF35C300BF5E49 /* Quick.xcodeproj */;
			proxyType = 2;
			remoteGlobalIDString = DAEB6B8E1943873100289F44;
			remoteInfo = Quick;
		};
		B572DC2F19AF35C300BF5E49 /* PBXContainerItemProxy */ = {
			isa = PBXContainerItemProxy;
			containerPortal = B572DC2519AF35C300BF5E49 /* Quick.xcodeproj */;
			proxyType = 2;
			remoteGlobalIDString = DAEB6B991943873100289F44;
			remoteInfo = QuickTests;
		};
		B572DC3119AF35C300BF5E49 /* PBXContainerItemProxy */ = {
			isa = PBXContainerItemProxy;
			containerPortal = B572DC2519AF35C300BF5E49 /* Quick.xcodeproj */;
			proxyType = 2;
			remoteGlobalIDString = 5A5D117C19473F2100F6D13D;
			remoteInfo = "Quick-iOS";
		};
		B572DC3319AF35C300BF5E49 /* PBXContainerItemProxy */ = {
			isa = PBXContainerItemProxy;
			containerPortal = B572DC2519AF35C300BF5E49 /* Quick.xcodeproj */;
			proxyType = 2;
			remoteGlobalIDString = 5A5D118619473F2100F6D13D;
			remoteInfo = "Quick-iOSTests";
		};
		B572DC3719AF35E200BF5E49 /* PBXContainerItemProxy */ = {
			isa = PBXContainerItemProxy;
			containerPortal = B572DC2519AF35C300BF5E49 /* Quick.xcodeproj */;
			proxyType = 1;
			remoteGlobalIDString = 5A5D117B19473F2100F6D13D;
			remoteInfo = "Quick-iOS";
		};
		B572DC3919AF35E500BF5E49 /* PBXContainerItemProxy */ = {
			isa = PBXContainerItemProxy;
			containerPortal = B572DC1619AF35B400BF5E49 /* Nimble.xcodeproj */;
			proxyType = 1;
			remoteGlobalIDString = 1F1A74281940169200FFFC47;
			remoteInfo = "Nimble-iOS";
		};
/* End PBXContainerItemProxy section */

/* Begin PBXFileReference section */
		B572DBFB19AF34CD00BF5E49 /* AVOPromise.framework */ = {isa = PBXFileReference; explicitFileType = wrapper.framework; includeInIndex = 0; path = AVOPromise.framework; sourceTree = BUILT_PRODUCTS_DIR; };
		B572DBFF19AF34CD00BF5E49 /* Info.plist */ = {isa = PBXFileReference; lastKnownFileType = text.plist.xml; path = Info.plist; sourceTree = "<group>"; };
		B572DC0019AF34CD00BF5E49 /* AVOPromise.h */ = {isa = PBXFileReference; lastKnownFileType = sourcecode.c.h; path = AVOPromise.h; sourceTree = "<group>"; };
		B572DC0619AF34CD00BF5E49 /* AVOPromiseTests.xctest */ = {isa = PBXFileReference; explicitFileType = wrapper.cfbundle; includeInIndex = 0; path = AVOPromiseTests.xctest; sourceTree = BUILT_PRODUCTS_DIR; };
		B572DC0919AF34CD00BF5E49 /* Info.plist */ = {isa = PBXFileReference; lastKnownFileType = text.plist.xml; path = Info.plist; sourceTree = "<group>"; };
		B572DC1419AF35AB00BF5E49 /* PromiseSpec.swift */ = {isa = PBXFileReference; fileEncoding = 4; lastKnownFileType = sourcecode.swift; path = PromiseSpec.swift; sourceTree = "<group>"; };
		B572DC1619AF35B400BF5E49 /* Nimble.xcodeproj */ = {isa = PBXFileReference; lastKnownFileType = "wrapper.pb-project"; name = Nimble.xcodeproj; path = Frameworks/Nimble/Nimble.xcodeproj; sourceTree = "<group>"; };
		B572DC2519AF35C300BF5E49 /* Quick.xcodeproj */ = {isa = PBXFileReference; lastKnownFileType = "wrapper.pb-project"; name = Quick.xcodeproj; path = Frameworks/Quick/Quick/Quick.xcodeproj; sourceTree = "<group>"; };
		B572DC3B19AF361900BF5E49 /* Promise.swift */ = {isa = PBXFileReference; fileEncoding = 4; lastKnownFileType = sourcecode.swift; path = Promise.swift; sourceTree = "<group>"; };
/* End PBXFileReference section */

/* Begin PBXFrameworksBuildPhase section */
		B572DBF719AF34CD00BF5E49 /* Frameworks */ = {
			isa = PBXFrameworksBuildPhase;
			buildActionMask = 2147483647;
			files = (
			);
			runOnlyForDeploymentPostprocessing = 0;
		};
		B572DC0319AF34CD00BF5E49 /* Frameworks */ = {
			isa = PBXFrameworksBuildPhase;
			buildActionMask = 2147483647;
			files = (
				B572DC3619AF35DA00BF5E49 /* Nimble.framework in Frameworks */,
				B572DC3519AF35D600BF5E49 /* Quick.framework in Frameworks */,
			);
			runOnlyForDeploymentPostprocessing = 0;
		};
/* End PBXFrameworksBuildPhase section */

/* Begin PBXGroup section */
		B572DBF119AF34CD00BF5E49 = {
			isa = PBXGroup;
			children = (
				B572DBFD19AF34CD00BF5E49 /* AVOPromise */,
				B572DC0719AF34CD00BF5E49 /* AVOPromiseTests */,
				B572DBFC19AF34CD00BF5E49 /* Products */,
			);
			sourceTree = "<group>";
		};
		B572DBFC19AF34CD00BF5E49 /* Products */ = {
			isa = PBXGroup;
			children = (
				B572DBFB19AF34CD00BF5E49 /* AVOPromise.framework */,
				B572DC0619AF34CD00BF5E49 /* AVOPromiseTests.xctest */,
			);
			name = Products;
			sourceTree = "<group>";
		};
		B572DBFD19AF34CD00BF5E49 /* AVOPromise */ = {
			isa = PBXGroup;
			children = (
				B572DC3B19AF361900BF5E49 /* Promise.swift */,
				B572DC0019AF34CD00BF5E49 /* AVOPromise.h */,
				B572DBFE19AF34CD00BF5E49 /* Supporting Files */,
			);
			path = AVOPromise;
			sourceTree = "<group>";
		};
		B572DBFE19AF34CD00BF5E49 /* Supporting Files */ = {
			isa = PBXGroup;
			children = (
				B572DBFF19AF34CD00BF5E49 /* Info.plist */,
			);
			name = "Supporting Files";
			sourceTree = "<group>";
		};
		B572DC0719AF34CD00BF5E49 /* AVOPromiseTests */ = {
			isa = PBXGroup;
			children = (
				B572DC2519AF35C300BF5E49 /* Quick.xcodeproj */,
				B572DC1619AF35B400BF5E49 /* Nimble.xcodeproj */,
				B572DC1419AF35AB00BF5E49 /* PromiseSpec.swift */,
				B572DC0819AF34CD00BF5E49 /* Supporting Files */,
			);
			path = AVOPromiseTests;
			sourceTree = "<group>";
		};
		B572DC0819AF34CD00BF5E49 /* Supporting Files */ = {
			isa = PBXGroup;
			children = (
				B572DC0919AF34CD00BF5E49 /* Info.plist */,
			);
			name = "Supporting Files";
			sourceTree = "<group>";
		};
		B572DC1719AF35B400BF5E49 /* Products */ = {
			isa = PBXGroup;
			children = (
				B572DC1E19AF35B400BF5E49 /* Nimble.framework */,
				B572DC2019AF35B400BF5E49 /* NimbleTests.xctest */,
				B572DC2219AF35B400BF5E49 /* Nimble.framework */,
				B572DC2419AF35B400BF5E49 /* Nimble-OSXTests.xctest */,
			);
			name = Products;
			sourceTree = "<group>";
		};
		B572DC2619AF35C300BF5E49 /* Products */ = {
			isa = PBXGroup;
			children = (
				B572DC2E19AF35C300BF5E49 /* Quick.framework */,
				B572DC3019AF35C300BF5E49 /* QuickTests.xctest */,
				B572DC3219AF35C300BF5E49 /* Quick.framework */,
				B572DC3419AF35C300BF5E49 /* Quick-iOSTests.xctest */,
			);
			name = Products;
			sourceTree = "<group>";
		};
/* End PBXGroup section */

/* Begin PBXHeadersBuildPhase section */
		B572DBF819AF34CD00BF5E49 /* Headers */ = {
			isa = PBXHeadersBuildPhase;
			buildActionMask = 2147483647;
			files = (
				B572DC0119AF34CD00BF5E49 /* AVOPromise.h in Headers */,
			);
			runOnlyForDeploymentPostprocessing = 0;
		};
/* End PBXHeadersBuildPhase section */

/* Begin PBXNativeTarget section */
		B572DBFA19AF34CD00BF5E49 /* AVOPromise */ = {
			isa = PBXNativeTarget;
			buildConfigurationList = B572DC0E19AF34CD00BF5E49 /* Build configuration list for PBXNativeTarget "AVOPromise" */;
			buildPhases = (
				B572DBF619AF34CD00BF5E49 /* Sources */,
				B572DBF719AF34CD00BF5E49 /* Frameworks */,
				B572DBF819AF34CD00BF5E49 /* Headers */,
				B572DBF919AF34CD00BF5E49 /* Resources */,
			);
			buildRules = (
			);
			dependencies = (
			);
			name = AVOPromise;
			productName = AVOPromise;
			productReference = B572DBFB19AF34CD00BF5E49 /* AVOPromise.framework */;
			productType = "com.apple.product-type.framework";
		};
		B572DC0519AF34CD00BF5E49 /* AVOPromiseTests */ = {
			isa = PBXNativeTarget;
			buildConfigurationList = B572DC1119AF34CD00BF5E49 /* Build configuration list for PBXNativeTarget "AVOPromiseTests" */;
			buildPhases = (
				B572DC0219AF34CD00BF5E49 /* Sources */,
				B572DC0319AF34CD00BF5E49 /* Frameworks */,
				B572DC0419AF34CD00BF5E49 /* Resources */,
			);
			buildRules = (
			);
			dependencies = (
				B572DC3A19AF35E500BF5E49 /* PBXTargetDependency */,
				B572DC3819AF35E200BF5E49 /* PBXTargetDependency */,
			);
			name = AVOPromiseTests;
			productName = AVOPromiseTests;
			productReference = B572DC0619AF34CD00BF5E49 /* AVOPromiseTests.xctest */;
			productType = "com.apple.product-type.bundle.unit-test";
		};
/* End PBXNativeTarget section */

/* Begin PBXProject section */
		B572DBF219AF34CD00BF5E49 /* Project object */ = {
			isa = PBXProject;
			attributes = {
				LastUpgradeCheck = 0600;
				ORGANIZATIONNAME = "Ben D. Jones";
				TargetAttributes = {
					B572DBFA19AF34CD00BF5E49 = {
						CreatedOnToolsVersion = 6.0;
					};
					B572DC0519AF34CD00BF5E49 = {
						CreatedOnToolsVersion = 6.0;
					};
				};
			};
			buildConfigurationList = B572DBF519AF34CD00BF5E49 /* Build configuration list for PBXProject "AVOPromise" */;
			compatibilityVersion = "Xcode 3.2";
			developmentRegion = English;
			hasScannedForEncodings = 0;
			knownRegions = (
				en,
			);
			mainGroup = B572DBF119AF34CD00BF5E49;
			productRefGroup = B572DBFC19AF34CD00BF5E49 /* Products */;
			projectDirPath = "";
			projectReferences = (
				{
					ProductGroup = B572DC1719AF35B400BF5E49 /* Products */;
					ProjectRef = B572DC1619AF35B400BF5E49 /* Nimble.xcodeproj */;
				},
				{
					ProductGroup = B572DC2619AF35C300BF5E49 /* Products */;
					ProjectRef = B572DC2519AF35C300BF5E49 /* Quick.xcodeproj */;
				},
			);
			projectRoot = "";
			targets = (
				B572DBFA19AF34CD00BF5E49 /* AVOPromise */,
				B572DC0519AF34CD00BF5E49 /* AVOPromiseTests */,
			);
		};
/* End PBXProject section */

/* Begin PBXReferenceProxy section */
		B572DC1E19AF35B400BF5E49 /* Nimble.framework */ = {
			isa = PBXReferenceProxy;
			fileType = wrapper.framework;
			path = Nimble.framework;
			remoteRef = B572DC1D19AF35B400BF5E49 /* PBXContainerItemProxy */;
			sourceTree = BUILT_PRODUCTS_DIR;
		};
		B572DC2019AF35B400BF5E49 /* NimbleTests.xctest */ = {
			isa = PBXReferenceProxy;
			fileType = wrapper.cfbundle;
			path = NimbleTests.xctest;
			remoteRef = B572DC1F19AF35B400BF5E49 /* PBXContainerItemProxy */;
			sourceTree = BUILT_PRODUCTS_DIR;
		};
		B572DC2219AF35B400BF5E49 /* Nimble.framework */ = {
			isa = PBXReferenceProxy;
			fileType = wrapper.framework;
			path = Nimble.framework;
			remoteRef = B572DC2119AF35B400BF5E49 /* PBXContainerItemProxy */;
			sourceTree = BUILT_PRODUCTS_DIR;
		};
		B572DC2419AF35B400BF5E49 /* Nimble-OSXTests.xctest */ = {
			isa = PBXReferenceProxy;
			fileType = wrapper.cfbundle;
			path = "Nimble-OSXTests.xctest";
			remoteRef = B572DC2319AF35B400BF5E49 /* PBXContainerItemProxy */;
			sourceTree = BUILT_PRODUCTS_DIR;
		};
		B572DC2E19AF35C300BF5E49 /* Quick.framework */ = {
			isa = PBXReferenceProxy;
			fileType = wrapper.framework;
			path = Quick.framework;
			remoteRef = B572DC2D19AF35C300BF5E49 /* PBXContainerItemProxy */;
			sourceTree = BUILT_PRODUCTS_DIR;
		};
		B572DC3019AF35C300BF5E49 /* QuickTests.xctest */ = {
			isa = PBXReferenceProxy;
			fileType = wrapper.cfbundle;
			path = QuickTests.xctest;
			remoteRef = B572DC2F19AF35C300BF5E49 /* PBXContainerItemProxy */;
			sourceTree = BUILT_PRODUCTS_DIR;
		};
		B572DC3219AF35C300BF5E49 /* Quick.framework */ = {
			isa = PBXReferenceProxy;
			fileType = wrapper.framework;
			path = Quick.framework;
			remoteRef = B572DC3119AF35C300BF5E49 /* PBXContainerItemProxy */;
			sourceTree = BUILT_PRODUCTS_DIR;
		};
		B572DC3419AF35C300BF5E49 /* Quick-iOSTests.xctest */ = {
			isa = PBXReferenceProxy;
			fileType = wrapper.cfbundle;
			path = "Quick-iOSTests.xctest";
			remoteRef = B572DC3319AF35C300BF5E49 /* PBXContainerItemProxy */;
			sourceTree = BUILT_PRODUCTS_DIR;
		};
/* End PBXReferenceProxy section */

/* Begin PBXResourcesBuildPhase section */
		B572DBF919AF34CD00BF5E49 /* Resources */ = {
			isa = PBXResourcesBuildPhase;
			buildActionMask = 2147483647;
			files = (
			);
			runOnlyForDeploymentPostprocessing = 0;
		};
		B572DC0419AF34CD00BF5E49 /* Resources */ = {
			isa = PBXResourcesBuildPhase;
			buildActionMask = 2147483647;
			files = (
			);
			runOnlyForDeploymentPostprocessing = 0;
		};
/* End PBXResourcesBuildPhase section */

/* Begin PBXSourcesBuildPhase section */
		B572DBF619AF34CD00BF5E49 /* Sources */ = {
			isa = PBXSourcesBuildPhase;
			buildActionMask = 2147483647;
			files = (
				B572DC3C19AF361900BF5E49 /* Promise.swift in Sources */,
			);
			runOnlyForDeploymentPostprocessing = 0;
		};
		B572DC0219AF34CD00BF5E49 /* Sources */ = {
			isa = PBXSourcesBuildPhase;
			buildActionMask = 2147483647;
			files = (
				B572DC1519AF35AB00BF5E49 /* PromiseSpec.swift in Sources */,
				B572DC3D19AF36A700BF5E49 /* Promise.swift in Sources */,
			);
			runOnlyForDeploymentPostprocessing = 0;
		};
/* End PBXSourcesBuildPhase section */

/* Begin PBXTargetDependency section */
		B572DC3819AF35E200BF5E49 /* PBXTargetDependency */ = {
			isa = PBXTargetDependency;
			name = "Quick-iOS";
			targetProxy = B572DC3719AF35E200BF5E49 /* PBXContainerItemProxy */;
		};
		B572DC3A19AF35E500BF5E49 /* PBXTargetDependency */ = {
			isa = PBXTargetDependency;
			name = "Nimble-iOS";
			targetProxy = B572DC3919AF35E500BF5E49 /* PBXContainerItemProxy */;
		};
/* End PBXTargetDependency section */

/* Begin XCBuildConfiguration section */
		B572DC0C19AF34CD00BF5E49 /* Debug */ = {
			isa = XCBuildConfiguration;
			buildSettings = {
				ALWAYS_SEARCH_USER_PATHS = NO;
				CLANG_CXX_LANGUAGE_STANDARD = "gnu++0x";
				CLANG_CXX_LIBRARY = "libc++";
				CLANG_ENABLE_MODULES = YES;
				CLANG_ENABLE_OBJC_ARC = YES;
				CLANG_WARN_BOOL_CONVERSION = YES;
				CLANG_WARN_CONSTANT_CONVERSION = YES;
				CLANG_WARN_DIRECT_OBJC_ISA_USAGE = YES_ERROR;
				CLANG_WARN_EMPTY_BODY = YES;
				CLANG_WARN_ENUM_CONVERSION = YES;
				CLANG_WARN_INT_CONVERSION = YES;
				CLANG_WARN_OBJC_ROOT_CLASS = YES_ERROR;
				CLANG_WARN_UNREACHABLE_CODE = YES;
				CLANG_WARN__DUPLICATE_METHOD_MATCH = YES;
				"CODE_SIGN_IDENTITY[sdk=iphoneos*]" = "iPhone Developer";
				COPY_PHASE_STRIP = NO;
				CURRENT_PROJECT_VERSION = 1;
				ENABLE_STRICT_OBJC_MSGSEND = YES;
				GCC_C_LANGUAGE_STANDARD = gnu99;
				GCC_DYNAMIC_NO_PIC = NO;
				GCC_OPTIMIZATION_LEVEL = 0;
				GCC_PREPROCESSOR_DEFINITIONS = (
					"DEBUG=1",
					"$(inherited)",
				);
				GCC_SYMBOLS_PRIVATE_EXTERN = NO;
				GCC_WARN_64_TO_32_BIT_CONVERSION = YES;
				GCC_WARN_ABOUT_RETURN_TYPE = YES_ERROR;
				GCC_WARN_UNDECLARED_SELECTOR = YES;
				GCC_WARN_UNINITIALIZED_AUTOS = YES_AGGRESSIVE;
				GCC_WARN_UNUSED_FUNCTION = YES;
				GCC_WARN_UNUSED_VARIABLE = YES;
				IPHONEOS_DEPLOYMENT_TARGET = 8.0;
				MTL_ENABLE_DEBUG_INFO = YES;
				ONLY_ACTIVE_ARCH = YES;
				SDKROOT = iphoneos;
				SWIFT_OPTIMIZATION_LEVEL = "-Onone";
				TARGETED_DEVICE_FAMILY = "1,2";
				VERSIONING_SYSTEM = "apple-generic";
				VERSION_INFO_PREFIX = "";
			};
			name = Debug;
		};
		B572DC0D19AF34CD00BF5E49 /* Release */ = {
			isa = XCBuildConfiguration;
			buildSettings = {
				ALWAYS_SEARCH_USER_PATHS = NO;
				CLANG_CXX_LANGUAGE_STANDARD = "gnu++0x";
				CLANG_CXX_LIBRARY = "libc++";
				CLANG_ENABLE_MODULES = YES;
				CLANG_ENABLE_OBJC_ARC = YES;
				CLANG_WARN_BOOL_CONVERSION = YES;
				CLANG_WARN_CONSTANT_CONVERSION = YES;
				CLANG_WARN_DIRECT_OBJC_ISA_USAGE = YES_ERROR;
				CLANG_WARN_EMPTY_BODY = YES;
				CLANG_WARN_ENUM_CONVERSION = YES;
				CLANG_WARN_INT_CONVERSION = YES;
				CLANG_WARN_OBJC_ROOT_CLASS = YES_ERROR;
				CLANG_WARN_UNREACHABLE_CODE = YES;
				CLANG_WARN__DUPLICATE_METHOD_MATCH = YES;
				"CODE_SIGN_IDENTITY[sdk=iphoneos*]" = "iPhone Developer";
				COPY_PHASE_STRIP = YES;
				CURRENT_PROJECT_VERSION = 1;
				ENABLE_NS_ASSERTIONS = NO;
				ENABLE_STRICT_OBJC_MSGSEND = YES;
				GCC_C_LANGUAGE_STANDARD = gnu99;
				GCC_WARN_64_TO_32_BIT_CONVERSION = YES;
				GCC_WARN_ABOUT_RETURN_TYPE = YES_ERROR;
				GCC_WARN_UNDECLARED_SELECTOR = YES;
				GCC_WARN_UNINITIALIZED_AUTOS = YES_AGGRESSIVE;
				GCC_WARN_UNUSED_FUNCTION = YES;
				GCC_WARN_UNUSED_VARIABLE = YES;
				IPHONEOS_DEPLOYMENT_TARGET = 8.0;
				MTL_ENABLE_DEBUG_INFO = NO;
				SDKROOT = iphoneos;
				TARGETED_DEVICE_FAMILY = "1,2";
				VALIDATE_PRODUCT = YES;
				VERSIONING_SYSTEM = "apple-generic";
				VERSION_INFO_PREFIX = "";
			};
			name = Release;
		};
		B572DC0F19AF34CD00BF5E49 /* Debug */ = {
			isa = XCBuildConfiguration;
			buildSettings = {
				DEFINES_MODULE = YES;
				DYLIB_COMPATIBILITY_VERSION = 1;
				DYLIB_CURRENT_VERSION = 1;
				DYLIB_INSTALL_NAME_BASE = "@rpath";
				INFOPLIST_FILE = AVOPromise/Info.plist;
				INSTALL_PATH = "$(LOCAL_LIBRARY_DIR)/Frameworks";
				LD_RUNPATH_SEARCH_PATHS = "$(inherited) @executable_path/Frameworks @loader_path/Frameworks";
				PRODUCT_NAME = "$(TARGET_NAME)";
				SKIP_INSTALL = YES;
			};
			name = Debug;
		};
		B572DC1019AF34CD00BF5E49 /* Release */ = {
			isa = XCBuildConfiguration;
			buildSettings = {
				DEFINES_MODULE = YES;
				DYLIB_COMPATIBILITY_VERSION = 1;
				DYLIB_CURRENT_VERSION = 1;
				DYLIB_INSTALL_NAME_BASE = "@rpath";
				INFOPLIST_FILE = AVOPromise/Info.plist;
				INSTALL_PATH = "$(LOCAL_LIBRARY_DIR)/Frameworks";
				LD_RUNPATH_SEARCH_PATHS = "$(inherited) @executable_path/Frameworks @loader_path/Frameworks";
				PRODUCT_NAME = "$(TARGET_NAME)";
				SKIP_INSTALL = YES;
			};
			name = Release;
		};
		B572DC1219AF34CD00BF5E49 /* Debug */ = {
			isa = XCBuildConfiguration;
			buildSettings = {
				FRAMEWORK_SEARCH_PATHS = (
					"$(SDKROOT)/Developer/Library/Frameworks",
					"$(inherited)",
				);
				GCC_PREPROCESSOR_DEFINITIONS = (
					"DEBUG=1",
					"$(inherited)",
				);
				INFOPLIST_FILE = AVOPromiseTests/Info.plist;
				LD_RUNPATH_SEARCH_PATHS = "$(inherited) @executable_path/Frameworks @loader_path/Frameworks";
				PRODUCT_NAME = "$(TARGET_NAME)";
			};
			name = Debug;
		};
		B572DC1319AF34CD00BF5E49 /* Release */ = {
			isa = XCBuildConfiguration;
			buildSettings = {
				FRAMEWORK_SEARCH_PATHS = (
					"$(SDKROOT)/Developer/Library/Frameworks",
					"$(inherited)",
				);
				INFOPLIST_FILE = AVOPromiseTests/Info.plist;
				LD_RUNPATH_SEARCH_PATHS = "$(inherited) @executable_path/Frameworks @loader_path/Frameworks";
				PRODUCT_NAME = "$(TARGET_NAME)";
			};
			name = Release;
		};
/* End XCBuildConfiguration section */

/* Begin XCConfigurationList section */
		B572DBF519AF34CD00BF5E49 /* Build configuration list for PBXProject "AVOPromise" */ = {
			isa = XCConfigurationList;
			buildConfigurations = (
				B572DC0C19AF34CD00BF5E49 /* Debug */,
				B572DC0D19AF34CD00BF5E49 /* Release */,
			);
			defaultConfigurationIsVisible = 0;
			defaultConfigurationName = Release;
		};
		B572DC0E19AF34CD00BF5E49 /* Build configuration list for PBXNativeTarget "AVOPromise" */ = {
			isa = XCConfigurationList;
			buildConfigurations = (
				B572DC0F19AF34CD00BF5E49 /* Debug */,
				B572DC1019AF34CD00BF5E49 /* Release */,
			);
			defaultConfigurationIsVisible = 0;
		};
		B572DC1119AF34CD00BF5E49 /* Build configuration list for PBXNativeTarget "AVOPromiseTests" */ = {
			isa = XCConfigurationList;
			buildConfigurations = (
				B572DC1219AF34CD00BF5E49 /* Debug */,
				B572DC1319AF34CD00BF5E49 /* Release */,
			);
			defaultConfigurationIsVisible = 0;
		};
/* End XCConfigurationList section */
	};
	rootObject = B572DBF219AF34CD00BF5E49 /* Project object */;
}
